
Microsoft Visual Studio Solution File, Format Version 9.00
# Visual Studio 2005
Project("{FAE04EC0-301F-11D3-BF4B-00C04F79EFBC}") = "TPEncuestaWin", "TPEncuestaWin.csproj", "{40C00286-7CE0-49BD-A7F9-778CB0E7B8AE}"
EndProject
Project("{FAE04EC0-301F-11D3-BF4B-00C04F79EFBC}") = "FrameworkTest", "..\FrameworkTest\FrameworkTest.csproj", "{08AD6CBD-404A-4584-8BAD-C42718E7C48C}"
EndProject
Project("{FAE04EC0-301F-11D3-BF4B-00C04F79EFBC}") = "Repository", "..\Repository\Repository.csproj", "{995FEB64-1985-4D13-80B5-31B0705D7F5D}"
EndProject
Global
	GlobalSection(SolutionConfigurationPlatforms) = preSolution
		Debug|Any CPU = Debug|Any CPU
		Release|Any CPU = Release|Any CPU
	EndGlobalSection
	GlobalSection(ProjectConfigurationPlatforms) = postSolution
		{40C00286-7CE0-49BD-A7F9-778CB0E7B8AE}.Debug|Any CPU.ActiveCfg = Debug|Any CPU
		{40C00286-7CE0-49BD-A7F9-778CB0E7B8AE}.Debug|Any CPU.Build.0 = Debug|Any CPU
		{40C00286-7CE0-49BD-A7F9-778CB0E7B8AE}.Release|Any CPU.ActiveCfg = Release|Any CPU
		{40C00286-7CE0-49BD-A7F9-778CB0E7B8AE}.Release|Any CPU.Build.0 = Release|Any CPU
		{08AD6CBD-404A-4584-8BAD-C42718E7C48C}.Debug|Any CPU.ActiveCfg = Debug|Any CPU
		{08AD6CBD-404A-4584-8BAD-C42718E7C48C}.Debug|Any CPU.Build.0 = Debug|Any CPU
		{08AD6CBD-404A-4584-8BAD-C42718E7C48C}.Release|Any CPU.ActiveCfg = Release|Any CPU
		{08AD6CBD-404A-4584-8BAD-C42718E7C48C}.Release|Any CPU.Build.0 = Release|Any CPU
		{995FEB64-1985-4D13-80B5-31B0705D7F5D}.Debug|Any CPU.ActiveCfg = Debug|Any CPU
		{995FEB64-1985-4D13-80B5-31B0705D7F5D}.Debug|Any CPU.Build.0 = Debug|Any CPU
		{995FEB64-1985-4D13-80B5-31B0705D7F5D}.Release|Any CPU.ActiveCfg = Release|Any CPU
		{995FEB64-1985-4D13-80B5-31B0705D7F5D}.Release|Any CPU.Build.0 = Release|Any CPU
	EndGlobalSection
	GlobalSection(SolutionProperties) = preSolution
		HideSolutionNode = FALSE
	EndGlobalSection
EndGlobal
